
Microsoft Visual Studio Solution File, Format Version 12.00
# Visual Studio 2013
VisualStudioVersion = 12.0.30501.0
MinimumVisualStudioVersion = 10.0.40219.1
Project("{FAE04EC0-301F-11D3-BF4B-00C04F79EFBC}") = "Type", "Type\Type.csproj", "{BA5F9158-C35D-44FA-B2D4-3A77821B0CA3}"
EndProject
Global
	GlobalSection(SolutionConfigurationPlatforms) = preSolution
		Debug|Any CPU = Debug|Any CPU
		Release|Any CPU = Release|Any CPU
	EndGlobalSection
	GlobalSection(ProjectConfigurationPlatforms) = postSolution
		{BA5F9158-C35D-44FA-B2D4-3A77821B0CA3}.Debug|Any CPU.ActiveCfg = Debug|Any CPU
		{BA5F9158-C35D-44FA-B2D4-3A77821B0CA3}.Debug|Any CPU.Build.0 = Debug|Any CPU
		{BA5F9158-C35D-44FA-B2D4-3A77821B0CA3}.Release|Any CPU.ActiveCfg = Release|Any CPU
		{BA5F9158-C35D-44FA-B2D4-3A77821B0CA3}.Release|Any CPU.Build.0 = Release|Any CPU
	EndGlobalSection
	GlobalSection(SolutionProperties) = preSolution
		HideSolutionNode = FALSE
	EndGlobalSection
EndGlobal
